
Microsoft Visual Studio Solution File, Format Version 12.00
# Visual Studio Version 16
VisualStudioVersion = 16.0.32802.440
MinimumVisualStudioVersion = 10.0.40219.1
Project("{9A19103F-16F7-4668-BE54-9A1E7A4F7556}") = "LIMAN YONETIM", "LIMAN YONETIM\LIMAN YONETIM.csproj", "{2ABCBDAD-9C58-430D-82BE-99C4D544B780}"
EndProject
Global
	GlobalSection(SolutionConfigurationPlatforms) = preSolution
		Debug|Any CPU = Debug|Any CPU
		Release|Any CPU = Release|Any CPU
	EndGlobalSection
	GlobalSection(ProjectConfigurationPlatforms) = postSolution
		{2ABCBDAD-9C58-430D-82BE-99C4D544B780}.Debug|Any CPU.ActiveCfg = Debug|Any CPU
		{2ABCBDAD-9C58-430D-82BE-99C4D544B780}.Debug|Any CPU.Build.0 = Debug|Any CPU
		{2ABCBDAD-9C58-430D-82BE-99C4D544B780}.Release|Any CPU.ActiveCfg = Release|Any CPU
		{2ABCBDAD-9C58-430D-82BE-99C4D544B780}.Release|Any CPU.Build.0 = Release|Any CPU
	EndGlobalSection
	GlobalSection(SolutionProperties) = preSolution
		HideSolutionNode = FALSE
	EndGlobalSection
	GlobalSection(ExtensibilityGlobals) = postSolution
		SolutionGuid = {8CCD440A-DE31-41DA-8D39-D777CCDABA68}
	EndGlobalSection
EndGlobal
